
Microsoft Visual Studio Solution File, Format Version 12.00
# Visual Studio 15
VisualStudioVersion = 15.0.27428.2015
MinimumVisualStudioVersion = 10.0.40219.1
Project("{FAE04EC0-301F-11D3-BF4B-00C04F79EFBC}") = "FileUpload", "FileUpload\FileUpload.csproj", "{9620FD19-29CC-4B4C-A7B0-E4E510638C78}"
EndProject
Global
	GlobalSection(SolutionConfigurationPlatforms) = preSolution
		Debug|Any CPU = Debug|Any CPU
		Release|Any CPU = Release|Any CPU
	EndGlobalSection
	GlobalSection(ProjectConfigurationPlatforms) = postSolution
		{9620FD19-29CC-4B4C-A7B0-E4E510638C78}.Debug|Any CPU.ActiveCfg = Debug|Any CPU
		{9620FD19-29CC-4B4C-A7B0-E4E510638C78}.Debug|Any CPU.Build.0 = Debug|Any CPU
		{9620FD19-29CC-4B4C-A7B0-E4E510638C78}.Release|Any CPU.ActiveCfg = Release|Any CPU
		{9620FD19-29CC-4B4C-A7B0-E4E510638C78}.Release|Any CPU.Build.0 = Release|Any CPU
	EndGlobalSection
	GlobalSection(SolutionProperties) = preSolution
		HideSolutionNode = FALSE
	EndGlobalSection
	GlobalSection(ExtensibilityGlobals) = postSolution
		SolutionGuid = {ADE2285F-0467-4502-8814-3BF4D96C60A4}
	EndGlobalSection
EndGlobal
